github.com/eatmoreapple/openwechat v1.4.3 h1:hpqR3M0c180GN5e6sfkqdTmna1+vnvohqv8LkS7MecI=
github.com/eatmoreapple/openwechat v1.4.3/go.mod h1:ZxMcq7IpVWVU9JG7ERjExnm5M8/AQ6yZTtX30K3rwRQ=
github.com/skip2/go-qrcode v0.0.0-20200617195104-da1b6568686e h1:MRM5ITcdelLK2j1vwZ3Je0FKVCfqOLp5zO6trqMLYs0=
github.com/skip2/go-qrcode v0.0.0-20200617195104-da1b6568686e/go.mod h1:XV66xRDqSt+GTGFMVlhk3ULuV0y9ZmzeVGR4mloJI3M=
